
Microsoft Visual Studio Solution File, Format Version 12.00
# Visual Studio Version 17
VisualStudioVersion = 17.5.33530.505
MinimumVisualStudioVersion = 10.0.40219.1
Project("{FAE04EC0-301F-11D3-BF4B-00C04F79EFBC}") = "WinApp.WinForms.Lab02.Task06", "WinAoo.WinForms.Lab02.Task06\WinApp.WinForms.Lab02.Task06.csproj", "{EB743DEC-0A7C-4254-960D-82D5B47D1A04}"
EndProject
Global
	GlobalSection(SolutionConfigurationPlatforms) = preSolution
		Debug|Any CPU = Debug|Any CPU
		Release|Any CPU = Release|Any CPU
	EndGlobalSection
	GlobalSection(ProjectConfigurationPlatforms) = postSolution
		{EB743DEC-0A7C-4254-960D-82D5B47D1A04}.Debug|Any CPU.ActiveCfg = Debug|Any CPU
		{EB743DEC-0A7C-4254-960D-82D5B47D1A04}.Debug|Any CPU.Build.0 = Debug|Any CPU
		{EB743DEC-0A7C-4254-960D-82D5B47D1A04}.Release|Any CPU.ActiveCfg = Release|Any CPU
		{EB743DEC-0A7C-4254-960D-82D5B47D1A04}.Release|Any CPU.Build.0 = Release|Any CPU
	EndGlobalSection
	GlobalSection(SolutionProperties) = preSolution
		HideSolutionNode = FALSE
	EndGlobalSection
	GlobalSection(ExtensibilityGlobals) = postSolution
		SolutionGuid = {442535C8-1CDF-4097-A7B9-EF9AC72901D7}
	EndGlobalSection
EndGlobal
