
Microsoft Visual Studio Solution File, Format Version 12.00
# Visual Studio Version 17
VisualStudioVersion = 17.5.33530.505
MinimumVisualStudioVersion = 10.0.40219.1
Project("{FAE04EC0-301F-11D3-BF4B-00C04F79EFBC}") = "WinApp.WinForms.Lab03", "WinApp.WinForms.Lab03\WinApp.WinForms.Lab03.csproj", "{EE58E849-9720-4302-A922-D16C6A98C0BB}"
EndProject
Global
	GlobalSection(SolutionConfigurationPlatforms) = preSolution
		Debug|Any CPU = Debug|Any CPU
		Release|Any CPU = Release|Any CPU
	EndGlobalSection
	GlobalSection(ProjectConfigurationPlatforms) = postSolution
		{EE58E849-9720-4302-A922-D16C6A98C0BB}.Debug|Any CPU.ActiveCfg = Debug|Any CPU
		{EE58E849-9720-4302-A922-D16C6A98C0BB}.Debug|Any CPU.Build.0 = Debug|Any CPU
		{EE58E849-9720-4302-A922-D16C6A98C0BB}.Release|Any CPU.ActiveCfg = Release|Any CPU
		{EE58E849-9720-4302-A922-D16C6A98C0BB}.Release|Any CPU.Build.0 = Release|Any CPU
	EndGlobalSection
	GlobalSection(SolutionProperties) = preSolution
		HideSolutionNode = FALSE
	EndGlobalSection
	GlobalSection(ExtensibilityGlobals) = postSolution
		SolutionGuid = {8325DDF3-8B82-4ABF-AF8C-AD56C9594F87}
	EndGlobalSection
EndGlobal
