
Microsoft Visual Studio Solution File, Format Version 12.00
# Visual Studio Version 17
VisualStudioVersion = 17.5.33530.505
MinimumVisualStudioVersion = 10.0.40219.1
Project("{FAE04EC0-301F-11D3-BF4B-00C04F79EFBC}") = "WinApp.WinForms.Lab02.Task07", "WinApp.WinForms.Lab02.Task07\WinApp.WinForms.Lab02.Task07.csproj", "{FEB9FB4B-CC17-4E91-BF15-B48C565E3D51}"
EndProject
Global
	GlobalSection(SolutionConfigurationPlatforms) = preSolution
		Debug|Any CPU = Debug|Any CPU
		Release|Any CPU = Release|Any CPU
	EndGlobalSection
	GlobalSection(ProjectConfigurationPlatforms) = postSolution
		{FEB9FB4B-CC17-4E91-BF15-B48C565E3D51}.Debug|Any CPU.ActiveCfg = Debug|Any CPU
		{FEB9FB4B-CC17-4E91-BF15-B48C565E3D51}.Debug|Any CPU.Build.0 = Debug|Any CPU
		{FEB9FB4B-CC17-4E91-BF15-B48C565E3D51}.Release|Any CPU.ActiveCfg = Release|Any CPU
		{FEB9FB4B-CC17-4E91-BF15-B48C565E3D51}.Release|Any CPU.Build.0 = Release|Any CPU
	EndGlobalSection
	GlobalSection(SolutionProperties) = preSolution
		HideSolutionNode = FALSE
	EndGlobalSection
	GlobalSection(ExtensibilityGlobals) = postSolution
		SolutionGuid = {2B18FE10-5F37-4678-8105-02B16DF4F7D5}
	EndGlobalSection
EndGlobal
