
Microsoft Visual Studio Solution File, Format Version 12.00
# Visual Studio Version 17
VisualStudioVersion = 17.5.33530.505
MinimumVisualStudioVersion = 10.0.40219.1
Project("{FAE04EC0-301F-11D3-BF4B-00C04F79EFBC}") = "WinApp.WinForms.Lab02.Task04", "WinApp.WinForms.Lab02.Task03\WinApp.WinForms.Lab02.Task04.csproj", "{F28C5D4C-1288-415E-82B9-90C25A9DB753}"
EndProject
Global
	GlobalSection(SolutionConfigurationPlatforms) = preSolution
		Debug|Any CPU = Debug|Any CPU
		Release|Any CPU = Release|Any CPU
	EndGlobalSection
	GlobalSection(ProjectConfigurationPlatforms) = postSolution
		{F28C5D4C-1288-415E-82B9-90C25A9DB753}.Debug|Any CPU.ActiveCfg = Debug|Any CPU
		{F28C5D4C-1288-415E-82B9-90C25A9DB753}.Debug|Any CPU.Build.0 = Debug|Any CPU
		{F28C5D4C-1288-415E-82B9-90C25A9DB753}.Release|Any CPU.ActiveCfg = Release|Any CPU
		{F28C5D4C-1288-415E-82B9-90C25A9DB753}.Release|Any CPU.Build.0 = Release|Any CPU
	EndGlobalSection
	GlobalSection(SolutionProperties) = preSolution
		HideSolutionNode = FALSE
	EndGlobalSection
	GlobalSection(ExtensibilityGlobals) = postSolution
		SolutionGuid = {892FD81C-8551-4670-8022-F1EDCC9C3A5A}
	EndGlobalSection
EndGlobal
